
Microsoft Visual Studio Solution File, Format Version 12.00
# Visual Studio Version 17
VisualStudioVersion = 17.5.33502.453
MinimumVisualStudioVersion = 10.0.40219.1
Project("{54A90642-561A-4BB1-A94E-469ADEE60C69}") = "reactapp", "reactapp\reactapp.esproj", "{42AA1251-E8A4-434F-ACBC-D17797B432D0}"
	ProjectSection(ProjectDependencies) = postProject
		{98896DFB-825F-4D1F-8996-1799AC1C98A0} = {98896DFB-825F-4D1F-8996-1799AC1C98A0}
	EndProjectSection
EndProject
Project("{9A19103F-16F7-4668-BE54-9A1E7A4F7556}") = "webapi", "webapi\webapi.csproj", "{98896DFB-825F-4D1F-8996-1799AC1C98A0}"
EndProject
Global
	GlobalSection(SolutionConfigurationPlatforms) = preSolution
		Debug|Any CPU = Debug|Any CPU
		Release|Any CPU = Release|Any CPU
	EndGlobalSection
	GlobalSection(ProjectConfigurationPlatforms) = postSolution
		{42AA1251-E8A4-434F-ACBC-D17797B432D0}.Debug|Any CPU.ActiveCfg = Debug|Any CPU
		{42AA1251-E8A4-434F-ACBC-D17797B432D0}.Debug|Any CPU.Build.0 = Debug|Any CPU
		{42AA1251-E8A4-434F-ACBC-D17797B432D0}.Debug|Any CPU.Deploy.0 = Debug|Any CPU
		{42AA1251-E8A4-434F-ACBC-D17797B432D0}.Release|Any CPU.ActiveCfg = Release|Any CPU
		{42AA1251-E8A4-434F-ACBC-D17797B432D0}.Release|Any CPU.Build.0 = Release|Any CPU
		{42AA1251-E8A4-434F-ACBC-D17797B432D0}.Release|Any CPU.Deploy.0 = Release|Any CPU
		{98896DFB-825F-4D1F-8996-1799AC1C98A0}.Debug|Any CPU.ActiveCfg = Debug|Any CPU
		{98896DFB-825F-4D1F-8996-1799AC1C98A0}.Debug|Any CPU.Build.0 = Debug|Any CPU
		{98896DFB-825F-4D1F-8996-1799AC1C98A0}.Release|Any CPU.ActiveCfg = Release|Any CPU
		{98896DFB-825F-4D1F-8996-1799AC1C98A0}.Release|Any CPU.Build.0 = Release|Any CPU
	EndGlobalSection
	GlobalSection(SolutionProperties) = preSolution
		HideSolutionNode = FALSE
	EndGlobalSection
	GlobalSection(ExtensibilityGlobals) = postSolution
		SolutionGuid = {80475855-C78A-4758-87BF-2BAA5DC40401}
	EndGlobalSection
EndGlobal
